
Microsoft Visual Studio Solution File, Format Version 12.00
# Visual Studio 14
VisualStudioVersion = 14.0.23107.0
MinimumVisualStudioVersion = 10.0.40219.1
Project("{FAE04EC0-301F-11D3-BF4B-00C04F79EFBC}") = "SogetiRSS", "SogetiRSS\SogetiRSS.csproj", "{103E42EB-4808-4065-815B-BA6006D4B348}"
EndProject
Project("{FAE04EC0-301F-11D3-BF4B-00C04F79EFBC}") = "SogetiRSS.Channels.ITBlog", "SogetiRSS.Channels.ITBlog\SogetiRSS.Channels.ITBlog.csproj", "{1BC1AE29-D704-411A-A442-9B25C0DB92C9}"
EndProject
Project("{FAE04EC0-301F-11D3-BF4B-00C04F79EFBC}") = "SogetiRSS.Channels.Labs", "SogetiRSS.Channels.Labs\SogetiRSS.Channels.Labs.csproj", "{F1B66D97-6B8F-4E2C-BD72-45245721BE74}"
EndProject
Project("{FAE04EC0-301F-11D3-BF4B-00C04F79EFBC}") = "SogetiRSS.Channels.QANews", "SogetiRSS.Channels.QANews\SogetiRSS.Channels.QANews.csproj", "{75EFF8BC-B289-4A84-B37E-B8F57AD806C1}"
EndProject
Project("{FAE04EC0-301F-11D3-BF4B-00C04F79EFBC}") = "SogetiRSS.Common", "SogetiRSS.Common\SogetiRSS.Common.csproj", "{78029918-5EE3-4F60-A8E7-F1988579A54F}"
EndProject
Global
	GlobalSection(SolutionConfigurationPlatforms) = preSolution
		Debug|Any CPU = Debug|Any CPU
		Release|Any CPU = Release|Any CPU
	EndGlobalSection
	GlobalSection(ProjectConfigurationPlatforms) = postSolution
		{103E42EB-4808-4065-815B-BA6006D4B348}.Debug|Any CPU.ActiveCfg = Debug|Any CPU
		{103E42EB-4808-4065-815B-BA6006D4B348}.Debug|Any CPU.Build.0 = Debug|Any CPU
		{103E42EB-4808-4065-815B-BA6006D4B348}.Release|Any CPU.ActiveCfg = Release|Any CPU
		{103E42EB-4808-4065-815B-BA6006D4B348}.Release|Any CPU.Build.0 = Release|Any CPU
		{1BC1AE29-D704-411A-A442-9B25C0DB92C9}.Debug|Any CPU.ActiveCfg = Debug|Any CPU
		{1BC1AE29-D704-411A-A442-9B25C0DB92C9}.Debug|Any CPU.Build.0 = Debug|Any CPU
		{1BC1AE29-D704-411A-A442-9B25C0DB92C9}.Release|Any CPU.ActiveCfg = Release|Any CPU
		{1BC1AE29-D704-411A-A442-9B25C0DB92C9}.Release|Any CPU.Build.0 = Release|Any CPU
		{F1B66D97-6B8F-4E2C-BD72-45245721BE74}.Debug|Any CPU.ActiveCfg = Debug|Any CPU
		{F1B66D97-6B8F-4E2C-BD72-45245721BE74}.Debug|Any CPU.Build.0 = Debug|Any CPU
		{F1B66D97-6B8F-4E2C-BD72-45245721BE74}.Release|Any CPU.ActiveCfg = Release|Any CPU
		{F1B66D97-6B8F-4E2C-BD72-45245721BE74}.Release|Any CPU.Build.0 = Release|Any CPU
		{75EFF8BC-B289-4A84-B37E-B8F57AD806C1}.Debug|Any CPU.ActiveCfg = Debug|Any CPU
		{75EFF8BC-B289-4A84-B37E-B8F57AD806C1}.Debug|Any CPU.Build.0 = Debug|Any CPU
		{75EFF8BC-B289-4A84-B37E-B8F57AD806C1}.Release|Any CPU.ActiveCfg = Release|Any CPU
		{75EFF8BC-B289-4A84-B37E-B8F57AD806C1}.Release|Any CPU.Build.0 = Release|Any CPU
		{78029918-5EE3-4F60-A8E7-F1988579A54F}.Debug|Any CPU.ActiveCfg = Debug|Any CPU
		{78029918-5EE3-4F60-A8E7-F1988579A54F}.Debug|Any CPU.Build.0 = Debug|Any CPU
		{78029918-5EE3-4F60-A8E7-F1988579A54F}.Release|Any CPU.ActiveCfg = Release|Any CPU
		{78029918-5EE3-4F60-A8E7-F1988579A54F}.Release|Any CPU.Build.0 = Release|Any CPU
	EndGlobalSection
	GlobalSection(SolutionProperties) = preSolution
		HideSolutionNode = FALSE
	EndGlobalSection
EndGlobal
